
Microsoft Visual Studio Solution File, Format Version 12.00
Project("{FAE04EC0-301F-11D3-BF4B-00C04F79EFBC}") = "Day 8", "Day 8\Day 8.csproj", "{5F9EF4FB-9BD9-4D2E-B80A-A2A61477619B}"
EndProject
Project("{FAE04EC0-301F-11D3-BF4B-00C04F79EFBC}") = "Day 7", "Day 7\Day 7.csproj", "{FFC4DDF2-FCBE-4ADC-B1A0-A470B5C5429C}"
EndProject
Project("{FAE04EC0-301F-11D3-BF4B-00C04F79EFBC}") = "Day 6", "Day 6\Day 6.csproj", "{9E2AA0B0-3651-4C08-BFDD-1142BFCAB1DD}"
EndProject
Project("{FAE04EC0-301F-11D3-BF4B-00C04F79EFBC}") = "Day 9", "Day 9\Day 9.csproj", "{9FAF3A90-093A-4043-A916-C22F3C200E82}"
EndProject
Project("{FAE04EC0-301F-11D3-BF4B-00C04F79EFBC}") = "Day 4", "Day 4\Day 4.csproj", "{F8A33959-B380-44BA-A137-DA7C796630BD}"
EndProject
Project("{FAE04EC0-301F-11D3-BF4B-00C04F79EFBC}") = "Day 3", "Day 3\Day 3.csproj", "{AA3BB890-FC02-49CC-9DEF-39AF25A24BDF}"
EndProject
Project("{FAE04EC0-301F-11D3-BF4B-00C04F79EFBC}") = "Day 2", "Day 2\Day 2.csproj", "{C9A50093-B0AA-4A69-B131-EFEC40F2FA1B}"
EndProject
Project("{FAE04EC0-301F-11D3-BF4B-00C04F79EFBC}") = "Day 1", "Day 1\Day 1.csproj", "{BAF63648-D6C7-4136-ADDB-5266BC0FE22A}"
EndProject
Project("{FAE04EC0-301F-11D3-BF4B-00C04F79EFBC}") = "Day 10", "Day 10\Day 10.csproj", "{E7C4A5D3-96D9-483B-AFF9-73676F2EA197}"
EndProject
Project("{FAE04EC0-301F-11D3-BF4B-00C04F79EFBC}") = "Common", "Common\Common.csproj", "{4247D9FC-E38A-44E4-88C5-EED8968F6DD1}"
EndProject
Project("{FAE04EC0-301F-11D3-BF4B-00C04F79EFBC}") = "Day 11", "Day 11\Day 11.csproj", "{FAF540FD-E3EC-403B-A10F-AE5D3C4C3351}"
EndProject
Project("{FAE04EC0-301F-11D3-BF4B-00C04F79EFBC}") = "Day 12", "Day 12\Day 12.csproj", "{CA0A3170-714E-47F3-B6BF-9F0D3C3FD58E}"
EndProject
Project("{FAE04EC0-301F-11D3-BF4B-00C04F79EFBC}") = "Day 16", "Day 16\Day 16.csproj", "{0E707AF6-2AFA-4B94-AD0D-8D02011E10E0}"
EndProject
Project("{FAE04EC0-301F-11D3-BF4B-00C04F79EFBC}") = "Day 15", "Day 15\Day 15.csproj", "{33DF4168-0ADB-4800-9C0F-B093DF440A3E}"
EndProject
Global
	GlobalSection(SolutionConfigurationPlatforms) = preSolution
		Debug|Any CPU = Debug|Any CPU
		Release|Any CPU = Release|Any CPU
	EndGlobalSection
	GlobalSection(ProjectConfigurationPlatforms) = postSolution
		{5F9EF4FB-9BD9-4D2E-B80A-A2A61477619B}.Debug|Any CPU.ActiveCfg = Debug|Any CPU
		{5F9EF4FB-9BD9-4D2E-B80A-A2A61477619B}.Debug|Any CPU.Build.0 = Debug|Any CPU
		{5F9EF4FB-9BD9-4D2E-B80A-A2A61477619B}.Release|Any CPU.ActiveCfg = Release|Any CPU
		{5F9EF4FB-9BD9-4D2E-B80A-A2A61477619B}.Release|Any CPU.Build.0 = Release|Any CPU
		{FFC4DDF2-FCBE-4ADC-B1A0-A470B5C5429C}.Debug|Any CPU.ActiveCfg = Debug|Any CPU
		{FFC4DDF2-FCBE-4ADC-B1A0-A470B5C5429C}.Debug|Any CPU.Build.0 = Debug|Any CPU
		{FFC4DDF2-FCBE-4ADC-B1A0-A470B5C5429C}.Release|Any CPU.ActiveCfg = Release|Any CPU
		{FFC4DDF2-FCBE-4ADC-B1A0-A470B5C5429C}.Release|Any CPU.Build.0 = Release|Any CPU
		{9E2AA0B0-3651-4C08-BFDD-1142BFCAB1DD}.Debug|Any CPU.ActiveCfg = Debug|Any CPU
		{9E2AA0B0-3651-4C08-BFDD-1142BFCAB1DD}.Debug|Any CPU.Build.0 = Debug|Any CPU
		{9E2AA0B0-3651-4C08-BFDD-1142BFCAB1DD}.Release|Any CPU.ActiveCfg = Release|Any CPU
		{9E2AA0B0-3651-4C08-BFDD-1142BFCAB1DD}.Release|Any CPU.Build.0 = Release|Any CPU
		{9FAF3A90-093A-4043-A916-C22F3C200E82}.Debug|Any CPU.ActiveCfg = Debug|Any CPU
		{9FAF3A90-093A-4043-A916-C22F3C200E82}.Debug|Any CPU.Build.0 = Debug|Any CPU
		{9FAF3A90-093A-4043-A916-C22F3C200E82}.Release|Any CPU.ActiveCfg = Release|Any CPU
		{9FAF3A90-093A-4043-A916-C22F3C200E82}.Release|Any CPU.Build.0 = Release|Any CPU
		{F8A33959-B380-44BA-A137-DA7C796630BD}.Debug|Any CPU.ActiveCfg = Debug|Any CPU
		{F8A33959-B380-44BA-A137-DA7C796630BD}.Debug|Any CPU.Build.0 = Debug|Any CPU
		{F8A33959-B380-44BA-A137-DA7C796630BD}.Release|Any CPU.ActiveCfg = Release|Any CPU
		{F8A33959-B380-44BA-A137-DA7C796630BD}.Release|Any CPU.Build.0 = Release|Any CPU
		{AA3BB890-FC02-49CC-9DEF-39AF25A24BDF}.Debug|Any CPU.ActiveCfg = Debug|Any CPU
		{AA3BB890-FC02-49CC-9DEF-39AF25A24BDF}.Debug|Any CPU.Build.0 = Debug|Any CPU
		{AA3BB890-FC02-49CC-9DEF-39AF25A24BDF}.Release|Any CPU.ActiveCfg = Release|Any CPU
		{AA3BB890-FC02-49CC-9DEF-39AF25A24BDF}.Release|Any CPU.Build.0 = Release|Any CPU
		{C9A50093-B0AA-4A69-B131-EFEC40F2FA1B}.Debug|Any CPU.ActiveCfg = Debug|Any CPU
		{C9A50093-B0AA-4A69-B131-EFEC40F2FA1B}.Debug|Any CPU.Build.0 = Debug|Any CPU
		{C9A50093-B0AA-4A69-B131-EFEC40F2FA1B}.Release|Any CPU.ActiveCfg = Release|Any CPU
		{C9A50093-B0AA-4A69-B131-EFEC40F2FA1B}.Release|Any CPU.Build.0 = Release|Any CPU
		{BAF63648-D6C7-4136-ADDB-5266BC0FE22A}.Debug|Any CPU.ActiveCfg = Debug|Any CPU
		{BAF63648-D6C7-4136-ADDB-5266BC0FE22A}.Debug|Any CPU.Build.0 = Debug|Any CPU
		{BAF63648-D6C7-4136-ADDB-5266BC0FE22A}.Release|Any CPU.ActiveCfg = Release|Any CPU
		{BAF63648-D6C7-4136-ADDB-5266BC0FE22A}.Release|Any CPU.Build.0 = Release|Any CPU
		{E7C4A5D3-96D9-483B-AFF9-73676F2EA197}.Debug|Any CPU.ActiveCfg = Debug|Any CPU
		{E7C4A5D3-96D9-483B-AFF9-73676F2EA197}.Debug|Any CPU.Build.0 = Debug|Any CPU
		{E7C4A5D3-96D9-483B-AFF9-73676F2EA197}.Release|Any CPU.ActiveCfg = Release|Any CPU
		{E7C4A5D3-96D9-483B-AFF9-73676F2EA197}.Release|Any CPU.Build.0 = Release|Any CPU
		{4247D9FC-E38A-44E4-88C5-EED8968F6DD1}.Debug|Any CPU.ActiveCfg = Debug|Any CPU
		{4247D9FC-E38A-44E4-88C5-EED8968F6DD1}.Debug|Any CPU.Build.0 = Debug|Any CPU
		{4247D9FC-E38A-44E4-88C5-EED8968F6DD1}.Release|Any CPU.ActiveCfg = Release|Any CPU
		{4247D9FC-E38A-44E4-88C5-EED8968F6DD1}.Release|Any CPU.Build.0 = Release|Any CPU
		{FAF540FD-E3EC-403B-A10F-AE5D3C4C3351}.Debug|Any CPU.ActiveCfg = Debug|Any CPU
		{FAF540FD-E3EC-403B-A10F-AE5D3C4C3351}.Debug|Any CPU.Build.0 = Debug|Any CPU
		{FAF540FD-E3EC-403B-A10F-AE5D3C4C3351}.Release|Any CPU.ActiveCfg = Release|Any CPU
		{FAF540FD-E3EC-403B-A10F-AE5D3C4C3351}.Release|Any CPU.Build.0 = Release|Any CPU
		{CA0A3170-714E-47F3-B6BF-9F0D3C3FD58E}.Debug|Any CPU.ActiveCfg = Debug|Any CPU
		{CA0A3170-714E-47F3-B6BF-9F0D3C3FD58E}.Debug|Any CPU.Build.0 = Debug|Any CPU
		{CA0A3170-714E-47F3-B6BF-9F0D3C3FD58E}.Release|Any CPU.ActiveCfg = Release|Any CPU
		{CA0A3170-714E-47F3-B6BF-9F0D3C3FD58E}.Release|Any CPU.Build.0 = Release|Any CPU
		{0E707AF6-2AFA-4B94-AD0D-8D02011E10E0}.Debug|Any CPU.ActiveCfg = Debug|Any CPU
		{0E707AF6-2AFA-4B94-AD0D-8D02011E10E0}.Debug|Any CPU.Build.0 = Debug|Any CPU
		{0E707AF6-2AFA-4B94-AD0D-8D02011E10E0}.Release|Any CPU.ActiveCfg = Release|Any CPU
		{0E707AF6-2AFA-4B94-AD0D-8D02011E10E0}.Release|Any CPU.Build.0 = Release|Any CPU
		{33DF4168-0ADB-4800-9C0F-B093DF440A3E}.Debug|Any CPU.ActiveCfg = Debug|Any CPU
		{33DF4168-0ADB-4800-9C0F-B093DF440A3E}.Debug|Any CPU.Build.0 = Debug|Any CPU
		{33DF4168-0ADB-4800-9C0F-B093DF440A3E}.Release|Any CPU.ActiveCfg = Release|Any CPU
		{33DF4168-0ADB-4800-9C0F-B093DF440A3E}.Release|Any CPU.Build.0 = Release|Any CPU
	EndGlobalSection
	GlobalSection(NestedProjects) = preSolution
	EndGlobalSection
EndGlobal
